
Microsoft Visual Studio Solution File, Format Version 12.00
# Visual Studio 15
VisualStudioVersion = 15.0.27428.2015
MinimumVisualStudioVersion = 10.0.40219.1
Project("{FAE04EC0-301F-11D3-BF4B-00C04F79EFBC}") = "Server", "Server\Server.csproj", "{9C7BACBD-2406-485C-9FCC-8330F7BB8A98}"
EndProject
Project("{FAE04EC0-301F-11D3-BF4B-00C04F79EFBC}") = "Client", "Client\Client.csproj", "{77F60583-054C-4B6D-96E9-210BDE9CA910}"
EndProject
Project("{FAE04EC0-301F-11D3-BF4B-00C04F79EFBC}") = "Lidgren.Network", "Lidgren.Network\Lidgren.Network.csproj", "{49BA1C69-6104-41AC-A5D8-B54FA9F696E8}"
EndProject
Project("{FAE04EC0-301F-11D3-BF4B-00C04F79EFBC}") = "AccountKeyGen", "AccountKeyGen\AccountKeyGen.csproj", "{C673AE56-421D-44D3-AFCB-ACA2063085C2}"
EndProject
Global
	GlobalSection(SolutionConfigurationPlatforms) = preSolution
		Debug|Any CPU = Debug|Any CPU
		Release|Any CPU = Release|Any CPU
	EndGlobalSection
	GlobalSection(ProjectConfigurationPlatforms) = postSolution
		{9C7BACBD-2406-485C-9FCC-8330F7BB8A98}.Debug|Any CPU.ActiveCfg = Debug|Any CPU
		{9C7BACBD-2406-485C-9FCC-8330F7BB8A98}.Debug|Any CPU.Build.0 = Debug|Any CPU
		{9C7BACBD-2406-485C-9FCC-8330F7BB8A98}.Release|Any CPU.ActiveCfg = Release|Any CPU
		{9C7BACBD-2406-485C-9FCC-8330F7BB8A98}.Release|Any CPU.Build.0 = Release|Any CPU
		{77F60583-054C-4B6D-96E9-210BDE9CA910}.Debug|Any CPU.ActiveCfg = Debug|Any CPU
		{77F60583-054C-4B6D-96E9-210BDE9CA910}.Debug|Any CPU.Build.0 = Debug|Any CPU
		{77F60583-054C-4B6D-96E9-210BDE9CA910}.Release|Any CPU.ActiveCfg = Release|Any CPU
		{77F60583-054C-4B6D-96E9-210BDE9CA910}.Release|Any CPU.Build.0 = Release|Any CPU
		{49BA1C69-6104-41AC-A5D8-B54FA9F696E8}.Debug|Any CPU.ActiveCfg = Debug|Any CPU
		{49BA1C69-6104-41AC-A5D8-B54FA9F696E8}.Debug|Any CPU.Build.0 = Debug|Any CPU
		{49BA1C69-6104-41AC-A5D8-B54FA9F696E8}.Release|Any CPU.ActiveCfg = Release|Any CPU
		{49BA1C69-6104-41AC-A5D8-B54FA9F696E8}.Release|Any CPU.Build.0 = Release|Any CPU
		{C673AE56-421D-44D3-AFCB-ACA2063085C2}.Debug|Any CPU.ActiveCfg = Debug|Any CPU
		{C673AE56-421D-44D3-AFCB-ACA2063085C2}.Debug|Any CPU.Build.0 = Debug|Any CPU
		{C673AE56-421D-44D3-AFCB-ACA2063085C2}.Release|Any CPU.ActiveCfg = Release|Any CPU
		{C673AE56-421D-44D3-AFCB-ACA2063085C2}.Release|Any CPU.Build.0 = Release|Any CPU
	EndGlobalSection
	GlobalSection(SolutionProperties) = preSolution
		HideSolutionNode = FALSE
	EndGlobalSection
	GlobalSection(ExtensibilityGlobals) = postSolution
		SolutionGuid = {D180C986-FDD9-4BEC-B080-0060FF63EDC0}
	EndGlobalSection
EndGlobal
